
Microsoft Visual Studio Solution File, Format Version 12.00
# Visual Studio 15
Project("{FAE04EC0-301F-11D3-BF4B-00C04F79EFBC}") = "IngloriousLab3.3", "IngloriousLab3.3\IngloriousLab3.3.csproj", "{595DE81A-6FEF-409C-B51F-BB350E7123F6}"
EndProject
Global
	GlobalSection(SolutionConfigurationPlatforms) = preSolution
		Debug|Any CPU = Debug|Any CPU
		Release|Any CPU = Release|Any CPU
	EndGlobalSection
	GlobalSection(ProjectConfigurationPlatforms) = postSolution
		{595DE81A-6FEF-409C-B51F-BB350E7123F6}.Debug|Any CPU.ActiveCfg = Debug|Any CPU
		{595DE81A-6FEF-409C-B51F-BB350E7123F6}.Debug|Any CPU.Build.0 = Debug|Any CPU
		{595DE81A-6FEF-409C-B51F-BB350E7123F6}.Release|Any CPU.ActiveCfg = Release|Any CPU
		{595DE81A-6FEF-409C-B51F-BB350E7123F6}.Release|Any CPU.Build.0 = Release|Any CPU
	EndGlobalSection
EndGlobal
